
Microsoft Visual Studio Solution File, Format Version 12.00
# Visual Studio Version 16
VisualStudioVersion = 16.0.31515.178
MinimumVisualStudioVersion = 10.0.40219.1
Project("{FAE04EC0-301F-11D3-BF4B-00C04F79EFBC}") = "A02LentilhasDotNetFramework", "A02LentilhasDotNetFramework\A02LentilhasDotNetFramework.csproj", "{98C48CB5-B232-4A7D-9073-F0B09AFFB761}"
EndProject
Global
	GlobalSection(SolutionConfigurationPlatforms) = preSolution
		Debug|Any CPU = Debug|Any CPU
		Release|Any CPU = Release|Any CPU
	EndGlobalSection
	GlobalSection(ProjectConfigurationPlatforms) = postSolution
		{98C48CB5-B232-4A7D-9073-F0B09AFFB761}.Debug|Any CPU.ActiveCfg = Debug|Any CPU
		{98C48CB5-B232-4A7D-9073-F0B09AFFB761}.Debug|Any CPU.Build.0 = Debug|Any CPU
		{98C48CB5-B232-4A7D-9073-F0B09AFFB761}.Release|Any CPU.ActiveCfg = Release|Any CPU
		{98C48CB5-B232-4A7D-9073-F0B09AFFB761}.Release|Any CPU.Build.0 = Release|Any CPU
	EndGlobalSection
	GlobalSection(SolutionProperties) = preSolution
		HideSolutionNode = FALSE
	EndGlobalSection
	GlobalSection(ExtensibilityGlobals) = postSolution
		SolutionGuid = {B69B6041-69DC-4389-A510-175245C22DFA}
	EndGlobalSection
EndGlobal
