
Microsoft Visual Studio Solution File, Format Version 12.00
# Visual Studio Version 16
VisualStudioVersion = 16.0.31515.178
MinimumVisualStudioVersion = 10.0.40219.1
Project("{FAE04EC0-301F-11D3-BF4B-00C04F79EFBC}") = "A01CalculoMediaDotNetFramework", "A01CalculoMediaDotNetFramework\A01CalculoMediaDotNetFramework.csproj", "{A6F10BB0-EBF2-4BCB-889A-A613AC5B324A}"
EndProject
Global
	GlobalSection(SolutionConfigurationPlatforms) = preSolution
		Debug|Any CPU = Debug|Any CPU
		Release|Any CPU = Release|Any CPU
	EndGlobalSection
	GlobalSection(ProjectConfigurationPlatforms) = postSolution
		{A6F10BB0-EBF2-4BCB-889A-A613AC5B324A}.Debug|Any CPU.ActiveCfg = Debug|Any CPU
		{A6F10BB0-EBF2-4BCB-889A-A613AC5B324A}.Debug|Any CPU.Build.0 = Debug|Any CPU
		{A6F10BB0-EBF2-4BCB-889A-A613AC5B324A}.Release|Any CPU.ActiveCfg = Release|Any CPU
		{A6F10BB0-EBF2-4BCB-889A-A613AC5B324A}.Release|Any CPU.Build.0 = Release|Any CPU
	EndGlobalSection
	GlobalSection(SolutionProperties) = preSolution
		HideSolutionNode = FALSE
	EndGlobalSection
	GlobalSection(ExtensibilityGlobals) = postSolution
		SolutionGuid = {0F6D323C-B6FA-424E-ADC0-82932C74E08B}
	EndGlobalSection
EndGlobal
